
Microsoft Visual Studio Solution File, Format Version 12.00
# Visual Studio Version 17
VisualStudioVersion = 17.8.34601.278
MinimumVisualStudioVersion = 10.0.40219.1
Project("{FAE04EC0-301F-11D3-BF4B-00C04F79EFBC}") = "Day_1", "Day_1\Day_1.csproj", "{147A825E-A737-4908-88EA-395067E5BDE7}"
EndProject
Global
	GlobalSection(SolutionConfigurationPlatforms) = preSolution
		Debug|Any CPU = Debug|Any CPU
		Release|Any CPU = Release|Any CPU
	EndGlobalSection
	GlobalSection(ProjectConfigurationPlatforms) = postSolution
		{147A825E-A737-4908-88EA-395067E5BDE7}.Debug|Any CPU.ActiveCfg = Debug|Any CPU
		{147A825E-A737-4908-88EA-395067E5BDE7}.Debug|Any CPU.Build.0 = Debug|Any CPU
		{147A825E-A737-4908-88EA-395067E5BDE7}.Release|Any CPU.ActiveCfg = Release|Any CPU
		{147A825E-A737-4908-88EA-395067E5BDE7}.Release|Any CPU.Build.0 = Release|Any CPU
	EndGlobalSection
	GlobalSection(SolutionProperties) = preSolution
		HideSolutionNode = FALSE
	EndGlobalSection
	GlobalSection(ExtensibilityGlobals) = postSolution
		SolutionGuid = {02806FCB-815A-4150-9F33-BCC4340DCC3A}
	EndGlobalSection
EndGlobal
